
Microsoft Visual Studio Solution File, Format Version 12.00
# Visual Studio Version 16
VisualStudioVersion = 16.0.31129.286
MinimumVisualStudioVersion = 10.0.40219.1
Project("{9A19103F-16F7-4668-BE54-9A1E7A4F7556}") = "ProjectTracker", "ProjectTracker\ProjectTracker.csproj", "{FDCD4960-79DE-4A24-A5D2-19FAAC2B7FC0}"
EndProject
Project("{00D1A9C2-B5F0-4AF3-8072-F6C62B433612}") = "ProjectTrackerDb", "ProjectTrackerDb\ProjectTrackerDb.sqlproj", "{111AB9C8-204B-4CAF-8568-A041063907F5}"
EndProject
Global
	GlobalSection(SolutionConfigurationPlatforms) = preSolution
		Debug|Any CPU = Debug|Any CPU
		Release|Any CPU = Release|Any CPU
	EndGlobalSection
	GlobalSection(ProjectConfigurationPlatforms) = postSolution
		{FDCD4960-79DE-4A24-A5D2-19FAAC2B7FC0}.Debug|Any CPU.ActiveCfg = Debug|Any CPU
		{FDCD4960-79DE-4A24-A5D2-19FAAC2B7FC0}.Debug|Any CPU.Build.0 = Debug|Any CPU
		{FDCD4960-79DE-4A24-A5D2-19FAAC2B7FC0}.Release|Any CPU.ActiveCfg = Release|Any CPU
		{FDCD4960-79DE-4A24-A5D2-19FAAC2B7FC0}.Release|Any CPU.Build.0 = Release|Any CPU
		{111AB9C8-204B-4CAF-8568-A041063907F5}.Debug|Any CPU.ActiveCfg = Debug|Any CPU
		{111AB9C8-204B-4CAF-8568-A041063907F5}.Debug|Any CPU.Build.0 = Debug|Any CPU
		{111AB9C8-204B-4CAF-8568-A041063907F5}.Debug|Any CPU.Deploy.0 = Debug|Any CPU
		{111AB9C8-204B-4CAF-8568-A041063907F5}.Release|Any CPU.ActiveCfg = Release|Any CPU
		{111AB9C8-204B-4CAF-8568-A041063907F5}.Release|Any CPU.Build.0 = Release|Any CPU
		{111AB9C8-204B-4CAF-8568-A041063907F5}.Release|Any CPU.Deploy.0 = Release|Any CPU
	EndGlobalSection
	GlobalSection(SolutionProperties) = preSolution
		HideSolutionNode = FALSE
	EndGlobalSection
	GlobalSection(ExtensibilityGlobals) = postSolution
		SolutionGuid = {F7586ABB-56F2-4FF3-8FA2-80FE89EAA390}
	EndGlobalSection
EndGlobal
